
Microsoft Visual Studio Solution File, Format Version 12.00
# Visual Studio Version 17
VisualStudioVersion = 17.7.34202.233
MinimumVisualStudioVersion = 10.0.40219.1
Project("{FAE04EC0-301F-11D3-BF4B-00C04F79EFBC}") = "P-01-OOP-Intro", "P-01-OOP-Intro.csproj", "{F687762B-A432-42FD-B5D3-6ED9CC69B306}"
EndProject
Global
	GlobalSection(SolutionConfigurationPlatforms) = preSolution
		Debug|Any CPU = Debug|Any CPU
		Release|Any CPU = Release|Any CPU
	EndGlobalSection
	GlobalSection(ProjectConfigurationPlatforms) = postSolution
		{F687762B-A432-42FD-B5D3-6ED9CC69B306}.Debug|Any CPU.ActiveCfg = Debug|Any CPU
		{F687762B-A432-42FD-B5D3-6ED9CC69B306}.Debug|Any CPU.Build.0 = Debug|Any CPU
		{F687762B-A432-42FD-B5D3-6ED9CC69B306}.Release|Any CPU.ActiveCfg = Release|Any CPU
		{F687762B-A432-42FD-B5D3-6ED9CC69B306}.Release|Any CPU.Build.0 = Release|Any CPU
	EndGlobalSection
	GlobalSection(SolutionProperties) = preSolution
		HideSolutionNode = FALSE
	EndGlobalSection
	GlobalSection(ExtensibilityGlobals) = postSolution
		SolutionGuid = {128CDF01-CA98-4C92-B622-1CCEF66E0551}
	EndGlobalSection
EndGlobal
