
Microsoft Visual Studio Solution File, Format Version 12.00
# Visual Studio Version 17
VisualStudioVersion = 17.7.34202.233
MinimumVisualStudioVersion = 10.0.40219.1
Project("{FAE04EC0-301F-11D3-BF4B-00C04F79EFBC}") = "P02-Vareables", "P02-Vareables.csproj", "{749B1E94-7BC0-4248-BD53-3C40E1085A68}"
EndProject
Global
	GlobalSection(SolutionConfigurationPlatforms) = preSolution
		Debug|Any CPU = Debug|Any CPU
		Release|Any CPU = Release|Any CPU
	EndGlobalSection
	GlobalSection(ProjectConfigurationPlatforms) = postSolution
		{749B1E94-7BC0-4248-BD53-3C40E1085A68}.Debug|Any CPU.ActiveCfg = Debug|Any CPU
		{749B1E94-7BC0-4248-BD53-3C40E1085A68}.Debug|Any CPU.Build.0 = Debug|Any CPU
		{749B1E94-7BC0-4248-BD53-3C40E1085A68}.Release|Any CPU.ActiveCfg = Release|Any CPU
		{749B1E94-7BC0-4248-BD53-3C40E1085A68}.Release|Any CPU.Build.0 = Release|Any CPU
	EndGlobalSection
	GlobalSection(SolutionProperties) = preSolution
		HideSolutionNode = FALSE
	EndGlobalSection
	GlobalSection(ExtensibilityGlobals) = postSolution
		SolutionGuid = {220D9743-BE88-45D9-99BD-79A45C108D4F}
	EndGlobalSection
EndGlobal
