
Microsoft Visual Studio Solution File, Format Version 12.00
# Visual Studio Version 17
VisualStudioVersion = 17.7.34202.233
MinimumVisualStudioVersion = 10.0.40219.1
Project("{FAE04EC0-301F-11D3-BF4B-00C04F79EFBC}") = "Proje04_FirstMvsAppWithVs", "Proje04_FirstMvsAppWithVs.csproj", "{099FFBBF-CAF2-49D1-8247-7D483C255562}"
EndProject
Global
	GlobalSection(SolutionConfigurationPlatforms) = preSolution
		Debug|Any CPU = Debug|Any CPU
		Release|Any CPU = Release|Any CPU
	EndGlobalSection
	GlobalSection(ProjectConfigurationPlatforms) = postSolution
		{099FFBBF-CAF2-49D1-8247-7D483C255562}.Debug|Any CPU.ActiveCfg = Debug|Any CPU
		{099FFBBF-CAF2-49D1-8247-7D483C255562}.Debug|Any CPU.Build.0 = Debug|Any CPU
		{099FFBBF-CAF2-49D1-8247-7D483C255562}.Release|Any CPU.ActiveCfg = Release|Any CPU
		{099FFBBF-CAF2-49D1-8247-7D483C255562}.Release|Any CPU.Build.0 = Release|Any CPU
	EndGlobalSection
	GlobalSection(SolutionProperties) = preSolution
		HideSolutionNode = FALSE
	EndGlobalSection
	GlobalSection(ExtensibilityGlobals) = postSolution
		SolutionGuid = {CB4DEBFF-9324-4887-83F3-8F8165B7B87B}
	EndGlobalSection
EndGlobal
